// !$*UTF8*$!
{
	archiveVersion = 1;
	classes = {
	};
	objectVersion = 46;
	objects = {

/* Begin PBXBuildFile section */
		9E7E4E76186D27A60050AFD1 /* Foundation.framework in Frameworks */ = {isa = PBXBuildFile; fileRef = 9E7E4E75186D27A60050AFD1 /* Foundation.framework */; };
		9E7E4E78186D27A60050AFD1 /* CoreGraphics.framework in Frameworks */ = {isa = PBXBuildFile; fileRef = 9E7E4E77186D27A60050AFD1 /* CoreGraphics.framework */; };
		9E7E4E7A186D27A60050AFD1 /* UIKit.framework in Frameworks */ = {isa = PBXBuildFile; fileRef = 9E7E4E79186D27A60050AFD1 /* UIKit.framework */; };
		9E7E4E80186D27A60050AFD1 /* InfoPlist.strings in Resources */ = {isa = PBXBuildFile; fileRef = 9E7E4E7E186D27A60050AFD1 /* InfoPlist.strings */; };
		9E7E4E82186D27A60050AFD1 /* main.m in Sources */ = {isa = PBXBuildFile; fileRef = 9E7E4E81186D27A60050AFD1 /* main.m */; };
		9E7E4E86186D27A60050AFD1 /* SRAppDelegate.m in Sources */ = {isa = PBXBuildFile; fileRef = 9E7E4E85186D27A60050AFD1 /* SRAppDelegate.m */; };
		9E7E4E89186D27A60050AFD1 /* Main_iPhone.storyboard in Resources */ = {isa = PBXBuildFile; fileRef = 9E7E4E87186D27A60050AFD1 /* Main_iPhone.storyboard */; };
		9E7E4E8C186D27A60050AFD1 /* Main_iPad.storyboard in Resources */ = {isa = PBXBuildFile; fileRef = 9E7E4E8A186D27A60050AFD1 /* Main_iPad.storyboard */; };
		9E7E4E8F186D27A60050AFD1 /* SRMasterViewController.m in Sources */ = {isa = PBXBuildFile; fileRef = 9E7E4E8E186D27A60050AFD1 /* SRMasterViewController.m */; };
		9E7E4E92186D27A60050AFD1 /* SRDetailViewController.m in Sources */ = {isa = PBXBuildFile; fileRef = 9E7E4E91186D27A60050AFD1 /* SRDetailViewController.m */; };
		9E7E4E94186D27A60050AFD1 /* Images.xcassets in Resources */ = {isa = PBXBuildFile; fileRef = 9E7E4E93186D27A60050AFD1 /* Images.xcassets */; };
		9E7E4E9B186D27A60050AFD1 /* XCTest.framework in Frameworks */ = {isa = PBXBuildFile; fileRef = 9E7E4E9A186D27A60050AFD1 /* XCTest.framework */; };
		9E7E4E9C186D27A60050AFD1 /* Foundation.framework in Frameworks */ = {isa = PBXBuildFile; fileRef = 9E7E4E75186D27A60050AFD1 /* Foundation.framework */; };
		9E7E4E9D186D27A60050AFD1 /* UIKit.framework in Frameworks */ = {isa = PBXBuildFile; fileRef = 9E7E4E79186D27A60050AFD1 /* UIKit.framework */; };
		9E7E4EA5186D27A60050AFD1 /* InfoPlist.strings in Resources */ = {isa = PBXBuildFile; fileRef = 9E7E4EA3186D27A60050AFD1 /* InfoPlist.strings */; };
		9E7E4EA7186D27A60050AFD1 /* SortyTests.m in Sources */ = {isa = PBXBuildFile; fileRef = 9E7E4EA6186D27A60050AFD1 /* SortyTests.m */; };
		9E7E4EB5186D414F0050AFD1 /* SRSortingView.m in Sources */ = {isa = PBXBuildFile; fileRef = 9E7E4EB4186D414F0050AFD1 /* SRSortingView.m */; };
/* End PBXBuildFile section */

/* Begin PBXContainerItemProxy section */
		9E7E4E9E186D27A60050AFD1 /* PBXContainerItemProxy */ = {
			isa = PBXContainerItemProxy;
			containerPortal = 9E7E4E6A186D27A50050AFD1 /* Project object */;
			proxyType = 1;
			remoteGlobalIDString = 9E7E4E71186D27A60050AFD1;
			remoteInfo = Sorty;
		};
/* End PBXContainerItemProxy section */

/* Begin PBXFileReference section */
		9E7E4E72186D27A60050AFD1 /* Sorty.app */ = {isa = PBXFileReference; explicitFileType = wrapper.application; includeInIndex = 0; path = Sorty.app; sourceTree = BUILT_PRODUCTS_DIR; };
		9E7E4E75186D27A60050AFD1 /* Foundation.framework */ = {isa = PBXFileReference; lastKnownFileType = wrapper.framework; name = Foundation.framework; path = System/Library/Frameworks/Foundation.framework; sourceTree = SDKROOT; };
		9E7E4E77186D27A60050AFD1 /* CoreGraphics.framework */ = {isa = PBXFileReference; lastKnownFileType = wrapper.framework; name = CoreGraphics.framework; path = System/Library/Frameworks/CoreGraphics.framework; sourceTree = SDKROOT; };
		9E7E4E79186D27A60050AFD1 /* UIKit.framework */ = {isa = PBXFileReference; lastKnownFileType = wrapper.framework; name = UIKit.framework; path = System/Library/Frameworks/UIKit.framework; sourceTree = SDKROOT; };
		9E7E4E7D186D27A60050AFD1 /* Sorty-Info.plist */ = {isa = PBXFileReference; lastKnownFileType = text.plist.xml; path = "Sorty-Info.plist"; sourceTree = "<group>"; };
		9E7E4E7F186D27A60050AFD1 /* en */ = {isa = PBXFileReference; lastKnownFileType = text.plist.strings; name = en; path = en.lproj/InfoPlist.strings; sourceTree = "<group>"; };
		9E7E4E81186D27A60050AFD1 /* main.m */ = {isa = PBXFileReference; lastKnownFileType = sourcecode.c.objc; path = main.m; sourceTree = "<group>"; };
		9E7E4E83186D27A60050AFD1 /* Sorty-Prefix.pch */ = {isa = PBXFileReference; lastKnownFileType = sourcecode.c.h; path = "Sorty-Prefix.pch"; sourceTree = "<group>"; };
		9E7E4E84186D27A60050AFD1 /* SRAppDelegate.h */ = {isa = PBXFileReference; lastKnownFileType = sourcecode.c.h; path = SRAppDelegate.h; sourceTree = "<group>"; };
		9E7E4E85186D27A60050AFD1 /* SRAppDelegate.m */ = {isa = PBXFileReference; lastKnownFileType = sourcecode.c.objc; path = SRAppDelegate.m; sourceTree = "<group>"; };
		9E7E4E88186D27A60050AFD1 /* Base */ = {isa = PBXFileReference; lastKnownFileType = file.storyboard; name = Base; path = Base.lproj/Main_iPhone.storyboard; sourceTree = "<group>"; };
		9E7E4E8B186D27A60050AFD1 /* Base */ = {isa = PBXFileReference; lastKnownFileType = file.storyboard; name = Base; path = Base.lproj/Main_iPad.storyboard; sourceTree = "<group>"; };
		9E7E4E8D186D27A60050AFD1 /* SRMasterViewController.h */ = {isa = PBXFileReference; lastKnownFileType = sourcecode.c.h; path = SRMasterViewController.h; sourceTree = "<group>"; };
		9E7E4E8E186D27A60050AFD1 /* SRMasterViewController.m */ = {isa = PBXFileReference; lastKnownFileType = sourcecode.c.objc; path = SRMasterViewController.m; sourceTree = "<group>"; };
		9E7E4E90186D27A60050AFD1 /* SRDetailViewController.h */ = {isa = PBXFileReference; lastKnownFileType = sourcecode.c.h; path = SRDetailViewController.h; sourceTree = "<group>"; };
		9E7E4E91186D27A60050AFD1 /* SRDetailViewController.m */ = {isa = PBXFileReference; lastKnownFileType = sourcecode.c.objc; path = SRDetailViewController.m; sourceTree = "<group>"; };
		9E7E4E93186D27A60050AFD1 /* Images.xcassets */ = {isa = PBXFileReference; lastKnownFileType = folder.assetcatalog; path = Images.xcassets; sourceTree = "<group>"; };
		9E7E4E99186D27A60050AFD1 /* SortyTests.xctest */ = {isa = PBXFileReference; explicitFileType = wrapper.cfbundle; includeInIndex = 0; path = SortyTests.xctest; sourceTree = BUILT_PRODUCTS_DIR; };
		9E7E4E9A186D27A60050AFD1 /* XCTest.framework */ = {isa = PBXFileReference; lastKnownFileType = wrapper.framework; name = XCTest.framework; path = Library/Frameworks/XCTest.framework; sourceTree = DEVELOPER_DIR; };
		9E7E4EA2186D27A60050AFD1 /* SortyTests-Info.plist */ = {isa = PBXFileReference; lastKnownFileType = text.plist.xml; path = "SortyTests-Info.plist"; sourceTree = "<group>"; };
		9E7E4EA4186D27A60050AFD1 /* en */ = {isa = PBXFileReference; lastKnownFileType = text.plist.strings; name = en; path = en.lproj/InfoPlist.strings; sourceTree = "<group>"; };
		9E7E4EA6186D27A60050AFD1 /* SortyTests.m */ = {isa = PBXFileReference; lastKnownFileType = sourcecode.c.objc; path = SortyTests.m; sourceTree = "<group>"; };
		9E7E4EB3186D414F0050AFD1 /* SRSortingView.h */ = {isa = PBXFileReference; fileEncoding = 4; lastKnownFileType = sourcecode.c.h; path = SRSortingView.h; sourceTree = "<group>"; };
		9E7E4EB4186D414F0050AFD1 /* SRSortingView.m */ = {isa = PBXFileReference; fileEncoding = 4; lastKnownFileType = sourcecode.c.objc; path = SRSortingView.m; sourceTree = "<group>"; };
/* End PBXFileReference section */

/* Begin PBXFrameworksBuildPhase section */
		9E7E4E6F186D27A60050AFD1 /* Frameworks */ = {
			isa = PBXFrameworksBuildPhase;
			buildActionMask = 2147483647;
			files = (
				9E7E4E78186D27A60050AFD1 /* CoreGraphics.framework in Frameworks */,
				9E7E4E7A186D27A60050AFD1 /* UIKit.framework in Frameworks */,
				9E7E4E76186D27A60050AFD1 /* Foundation.framework in Frameworks */,
			);
			runOnlyForDeploymentPostprocessing = 0;
		};
		9E7E4E96186D27A60050AFD1 /* Frameworks */ = {
			isa = PBXFrameworksBuildPhase;
			buildActionMask = 2147483647;
			files = (
				9E7E4E9B186D27A60050AFD1 /* XCTest.framework in Frameworks */,
				9E7E4E9D186D27A60050AFD1 /* UIKit.framework in Frameworks */,
				9E7E4E9C186D27A60050AFD1 /* Foundation.framework in Frameworks */,
			);
			runOnlyForDeploymentPostprocessing = 0;
		};
/* End PBXFrameworksBuildPhase section */

/* Begin PBXGroup section */
		9E7E4E69186D27A50050AFD1 = {
			isa = PBXGroup;
			children = (
				9E7E4E7B186D27A60050AFD1 /* Sorty */,
				9E7E4EA0186D27A60050AFD1 /* SortyTests */,
				9E7E4E74186D27A60050AFD1 /* Frameworks */,
				9E7E4E73186D27A60050AFD1 /* Products */,
			);
			sourceTree = "<group>";
		};
		9E7E4E73186D27A60050AFD1 /* Products */ = {
			isa = PBXGroup;
			children = (
				9E7E4E72186D27A60050AFD1 /* Sorty.app */,
				9E7E4E99186D27A60050AFD1 /* SortyTests.xctest */,
			);
			name = Products;
			sourceTree = "<group>";
		};
		9E7E4E74186D27A60050AFD1 /* Frameworks */ = {
			isa = PBXGroup;
			children = (
				9E7E4E75186D27A60050AFD1 /* Foundation.framework */,
				9E7E4E77186D27A60050AFD1 /* CoreGraphics.framework */,
				9E7E4E79186D27A60050AFD1 /* UIKit.framework */,
				9E7E4E9A186D27A60050AFD1 /* XCTest.framework */,
			);
			name = Frameworks;
			sourceTree = "<group>";
		};
		9E7E4E7B186D27A60050AFD1 /* Sorty */ = {
			isa = PBXGroup;
			children = (
				9E7E4E84186D27A60050AFD1 /* SRAppDelegate.h */,
				9E7E4E85186D27A60050AFD1 /* SRAppDelegate.m */,
				9E7E4E87186D27A60050AFD1 /* Main_iPhone.storyboard */,
				9E7E4E8A186D27A60050AFD1 /* Main_iPad.storyboard */,
				9E7E4E8D186D27A60050AFD1 /* SRMasterViewController.h */,
				9E7E4E8E186D27A60050AFD1 /* SRMasterViewController.m */,
				9E7E4E90186D27A60050AFD1 /* SRDetailViewController.h */,
				9E7E4E91186D27A60050AFD1 /* SRDetailViewController.m */,
				9E7E4EB3186D414F0050AFD1 /* SRSortingView.h */,
				9E7E4EB4186D414F0050AFD1 /* SRSortingView.m */,
				9E7E4E93186D27A60050AFD1 /* Images.xcassets */,
				9E7E4E7C186D27A60050AFD1 /* Supporting Files */,
			);
			path = Sorty;
			sourceTree = "<group>";
		};
		9E7E4E7C186D27A60050AFD1 /* Supporting Files */ = {
			isa = PBXGroup;
			children = (
				9E7E4E7D186D27A60050AFD1 /* Sorty-Info.plist */,
				9E7E4E7E186D27A60050AFD1 /* InfoPlist.strings */,
				9E7E4E81186D27A60050AFD1 /* main.m */,
				9E7E4E83186D27A60050AFD1 /* Sorty-Prefix.pch */,
			);
			name = "Supporting Files";
			sourceTree = "<group>";
		};
		9E7E4EA0186D27A60050AFD1 /* SortyTests */ = {
			isa = PBXGroup;
			children = (
				9E7E4EA6186D27A60050AFD1 /* SortyTests.m */,
				9E7E4EA1186D27A60050AFD1 /* Supporting Files */,
			);
			path = SortyTests;
			sourceTree = "<group>";
		};
		9E7E4EA1186D27A60050AFD1 /* Supporting Files */ = {
			isa = PBXGroup;
			children = (
				9E7E4EA2186D27A60050AFD1 /* SortyTests-Info.plist */,
				9E7E4EA3186D27A60050AFD1 /* InfoPlist.strings */,
			);
			name = "Supporting Files";
			sourceTree = "<group>";
		};
/* End PBXGroup section */

/* Begin PBXNativeTarget section */
		9E7E4E71186D27A60050AFD1 /* Sorty */ = {
			isa = PBXNativeTarget;
			buildConfigurationList = 9E7E4EAA186D27A60050AFD1 /* Build configuration list for PBXNativeTarget "Sorty" */;
			buildPhases = (
				9E7E4E6E186D27A60050AFD1 /* Sources */,
				9E7E4E6F186D27A60050AFD1 /* Frameworks */,
				9E7E4E70186D27A60050AFD1 /* Resources */,
			);
			buildRules = (
			);
			dependencies = (
			);
			name = Sorty;
			productName = Sorty;
			productReference = 9E7E4E72186D27A60050AFD1 /* Sorty.app */;
			productType = "com.apple.product-type.application";
		};
		9E7E4E98186D27A60050AFD1 /* SortyTests */ = {
			isa = PBXNativeTarget;
			buildConfigurationList = 9E7E4EAD186D27A60050AFD1 /* Build configuration list for PBXNativeTarget "SortyTests" */;
			buildPhases = (
				9E7E4E95186D27A60050AFD1 /* Sources */,
				9E7E4E96186D27A60050AFD1 /* Frameworks */,
				9E7E4E97186D27A60050AFD1 /* Resources */,
			);
			buildRules = (
			);
			dependencies = (
				9E7E4E9F186D27A60050AFD1 /* PBXTargetDependency */,
			);
			name = SortyTests;
			productName = SortyTests;
			productReference = 9E7E4E99186D27A60050AFD1 /* SortyTests.xctest */;
			productType = "com.apple.product-type.bundle.unit-test";
		};
/* End PBXNativeTarget section */

/* Begin PBXProject section */
		9E7E4E6A186D27A50050AFD1 /* Project object */ = {
			isa = PBXProject;
			attributes = {
				CLASSPREFIX = SR;
				LastUpgradeCheck = 0500;
				ORGANIZATIONNAME = insanj;
				TargetAttributes = {
					9E7E4E71186D27A60050AFD1 = {
						DevelopmentTeam = 24X8MVUSCN;
					};
					9E7E4E98186D27A60050AFD1 = {
						TestTargetID = 9E7E4E71186D27A60050AFD1;
					};
				};
			};
			buildConfigurationList = 9E7E4E6D186D27A60050AFD1 /* Build configuration list for PBXProject "Sorty" */;
			compatibilityVersion = "Xcode 3.2";
			developmentRegion = English;
			hasScannedForEncodings = 0;
			knownRegions = (
				en,
				Base,
			);
			mainGroup = 9E7E4E69186D27A50050AFD1;
			productRefGroup = 9E7E4E73186D27A60050AFD1 /* Products */;
			projectDirPath = "";
			projectRoot = "";
			targets = (
				9E7E4E71186D27A60050AFD1 /* Sorty */,
				9E7E4E98186D27A60050AFD1 /* SortyTests */,
			);
		};
/* End PBXProject section */

/* Begin PBXResourcesBuildPhase section */
		9E7E4E70186D27A60050AFD1 /* Resources */ = {
			isa = PBXResourcesBuildPhase;
			buildActionMask = 2147483647;
			files = (
				9E7E4E8C186D27A60050AFD1 /* Main_iPad.storyboard in Resources */,
				9E7E4E94186D27A60050AFD1 /* Images.xcassets in Resources */,
				9E7E4E89186D27A60050AFD1 /* Main_iPhone.storyboard in Resources */,
				9E7E4E80186D27A60050AFD1 /* InfoPlist.strings in Resources */,
			);
			runOnlyForDeploymentPostprocessing = 0;
		};
		9E7E4E97186D27A60050AFD1 /* Resources */ = {
			isa = PBXResourcesBuildPhase;
			buildActionMask = 2147483647;
			files = (
				9E7E4EA5186D27A60050AFD1 /* InfoPlist.strings in Resources */,
			);
			runOnlyForDeploymentPostprocessing = 0;
		};
/* End PBXResourcesBuildPhase section */

/* Begin PBXSourcesBuildPhase section */
		9E7E4E6E186D27A60050AFD1 /* Sources */ = {
			isa = PBXSourcesBuildPhase;
			buildActionMask = 2147483647;
			files = (
				9E7E4E8F186D27A60050AFD1 /* SRMasterViewController.m in Sources */,
				9E7E4E82186D27A60050AFD1 /* main.m in Sources */,
				9E7E4EB5186D414F0050AFD1 /* SRSortingView.m in Sources */,
				9E7E4E92186D27A60050AFD1 /* SRDetailViewController.m in Sources */,
				9E7E4E86186D27A60050AFD1 /* SRAppDelegate.m in Sources */,
			);
			runOnlyForDeploymentPostprocessing = 0;
		};
		9E7E4E95186D27A60050AFD1 /* Sources */ = {
			isa = PBXSourcesBuildPhase;
			buildActionMask = 2147483647;
			files = (
				9E7E4EA7186D27A60050AFD1 /* SortyTests.m in Sources */,
			);
			runOnlyForDeploymentPostprocessing = 0;
		};
/* End PBXSourcesBuildPhase section */

/* Begin PBXTargetDependency section */
		9E7E4E9F186D27A60050AFD1 /* PBXTargetDependency */ = {
			isa = PBXTargetDependency;
			target = 9E7E4E71186D27A60050AFD1 /* Sorty */;
			targetProxy = 9E7E4E9E186D27A60050AFD1 /* PBXContainerItemProxy */;
		};
/* End PBXTargetDependency section */

/* Begin PBXVariantGroup section */
		9E7E4E7E186D27A60050AFD1 /* InfoPlist.strings */ = {
			isa = PBXVariantGroup;
			children = (
				9E7E4E7F186D27A60050AFD1 /* en */,
			);
			name = InfoPlist.strings;
			sourceTree = "<group>";
		};
		9E7E4E87186D27A60050AFD1 /* Main_iPhone.storyboard */ = {
			isa = PBXVariantGroup;
			children = (
				9E7E4E88186D27A60050AFD1 /* Base */,
			);
			name = Main_iPhone.storyboard;
			sourceTree = "<group>";
		};
		9E7E4E8A186D27A60050AFD1 /* Main_iPad.storyboard */ = {
			isa = PBXVariantGroup;
			children = (
				9E7E4E8B186D27A60050AFD1 /* Base */,
			);
			name = Main_iPad.storyboard;
			sourceTree = "<group>";
		};
		9E7E4EA3186D27A60050AFD1 /* InfoPlist.strings */ = {
			isa = PBXVariantGroup;
			children = (
				9E7E4EA4186D27A60050AFD1 /* en */,
			);
			name = InfoPlist.strings;
			sourceTree = "<group>";
		};
/* End PBXVariantGroup section */

/* Begin XCBuildConfiguration section */
		9E7E4EA8186D27A60050AFD1 /* Debug */ = {
			isa = XCBuildConfiguration;
			buildSettings = {
				ALWAYS_SEARCH_USER_PATHS = NO;
				ARCHS = "$(ARCHS_STANDARD_INCLUDING_64_BIT)";
				CLANG_CXX_LANGUAGE_STANDARD = "gnu++0x";
				CLANG_CXX_LIBRARY = "libc++";
				CLANG_ENABLE_MODULES = YES;
				CLANG_ENABLE_OBJC_ARC = YES;
				CLANG_WARN_BOOL_CONVERSION = YES;
				CLANG_WARN_CONSTANT_CONVERSION = YES;
				CLANG_WARN_DIRECT_OBJC_ISA_USAGE = YES_ERROR;
				CLANG_WARN_EMPTY_BODY = YES;
				CLANG_WARN_ENUM_CONVERSION = YES;
				CLANG_WARN_INT_CONVERSION = YES;
				CLANG_WARN_OBJC_ROOT_CLASS = YES_ERROR;
				CLANG_WARN__DUPLICATE_METHOD_MATCH = YES;
				"CODE_SIGN_IDENTITY[sdk=iphoneos*]" = "iPhone Developer";
				COPY_PHASE_STRIP = NO;
				GCC_C_LANGUAGE_STANDARD = gnu99;
				GCC_DYNAMIC_NO_PIC = NO;
				GCC_OPTIMIZATION_LEVEL = 0;
				GCC_PREPROCESSOR_DEFINITIONS = (
					"DEBUG=1",
					"$(inherited)",
				);
				GCC_SYMBOLS_PRIVATE_EXTERN = NO;
				GCC_WARN_64_TO_32_BIT_CONVERSION = YES;
				GCC_WARN_ABOUT_RETURN_TYPE = YES_ERROR;
				GCC_WARN_UNDECLARED_SELECTOR = YES;
				GCC_WARN_UNINITIALIZED_AUTOS = YES;
				GCC_WARN_UNUSED_FUNCTION = YES;
				GCC_WARN_UNUSED_VARIABLE = YES;
				IPHONEOS_DEPLOYMENT_TARGET = 7.0;
				ONLY_ACTIVE_ARCH = YES;
				SDKROOT = iphoneos;
				TARGETED_DEVICE_FAMILY = "1,2";
			};
			name = Debug;
		};
		9E7E4EA9186D27A60050AFD1 /* Release */ = {
			isa = XCBuildConfiguration;
			buildSettings = {
				ALWAYS_SEARCH_USER_PATHS = NO;
				ARCHS = "$(ARCHS_STANDARD_INCLUDING_64_BIT)";
				CLANG_CXX_LANGUAGE_STANDARD = "gnu++0x";
				CLANG_CXX_LIBRARY = "libc++";
				CLANG_ENABLE_MODULES = YES;
				CLANG_ENABLE_OBJC_ARC = YES;
				CLANG_WARN_BOOL_CONVERSION = YES;
				CLANG_WARN_CONSTANT_CONVERSION = YES;
				CLANG_WARN_DIRECT_OBJC_ISA_USAGE = YES_ERROR;
				CLANG_WARN_EMPTY_BODY = YES;
				CLANG_WARN_ENUM_CONVERSION = YES;
				CLANG_WARN_INT_CONVERSION = YES;
				CLANG_WARN_OBJC_ROOT_CLASS = YES_ERROR;
				CLANG_WARN__DUPLICATE_METHOD_MATCH = YES;
				"CODE_SIGN_IDENTITY[sdk=iphoneos*]" = "iPhone Developer";
				COPY_PHASE_STRIP = YES;
				ENABLE_NS_ASSERTIONS = NO;
				GCC_C_LANGUAGE_STANDARD = gnu99;
				GCC_WARN_64_TO_32_BIT_CONVERSION = YES;
				GCC_WARN_ABOUT_RETURN_TYPE = YES_ERROR;
				GCC_WARN_UNDECLARED_SELECTOR = YES;
				GCC_WARN_UNINITIALIZED_AUTOS = YES;
				GCC_WARN_UNUSED_FUNCTION = YES;
				GCC_WARN_UNUSED_VARIABLE = YES;
				IPHONEOS_DEPLOYMENT_TARGET = 7.0;
				SDKROOT = iphoneos;
				TARGETED_DEVICE_FAMILY = "1,2";
				VALIDATE_PRODUCT = YES;
			};
			name = Release;
		};
		9E7E4EAB186D27A60050AFD1 /* Debug */ = {
			isa = XCBuildConfiguration;
			buildSettings = {
				ASSETCATALOG_COMPILER_APPICON_NAME = AppIcon;
				ASSETCATALOG_COMPILER_LAUNCHIMAGE_NAME = LaunchImage;
				CODE_SIGN_IDENTITY = "iPhone Developer";
				GCC_PRECOMPILE_PREFIX_HEADER = YES;
				GCC_PREFIX_HEADER = "Sorty/Sorty-Prefix.pch";
				INFOPLIST_FILE = "Sorty/Sorty-Info.plist";
				PRODUCT_NAME = "$(TARGET_NAME)";
				WRAPPER_EXTENSION = app;
			};
			name = Debug;
		};
		9E7E4EAC186D27A60050AFD1 /* Release */ = {
			isa = XCBuildConfiguration;
			buildSettings = {
				ASSETCATALOG_COMPILER_APPICON_NAME = AppIcon;
				ASSETCATALOG_COMPILER_LAUNCHIMAGE_NAME = LaunchImage;
				CODE_SIGN_IDENTITY = "iPhone Developer";
				GCC_PRECOMPILE_PREFIX_HEADER = YES;
				GCC_PREFIX_HEADER = "Sorty/Sorty-Prefix.pch";
				INFOPLIST_FILE = "Sorty/Sorty-Info.plist";
				PRODUCT_NAME = "$(TARGET_NAME)";
				WRAPPER_EXTENSION = app;
			};
			name = Release;
		};
		9E7E4EAE186D27A60050AFD1 /* Debug */ = {
			isa = XCBuildConfiguration;
			buildSettings = {
				ARCHS = "$(ARCHS_STANDARD_INCLUDING_64_BIT)";
				BUNDLE_LOADER = "$(BUILT_PRODUCTS_DIR)/Sorty.app/Sorty";
				FRAMEWORK_SEARCH_PATHS = (
					"$(SDKROOT)/Developer/Library/Frameworks",
					"$(inherited)",
					"$(DEVELOPER_FRAMEWORKS_DIR)",
				);
				GCC_PRECOMPILE_PREFIX_HEADER = YES;
				GCC_PREFIX_HEADER = "Sorty/Sorty-Prefix.pch";
				GCC_PREPROCESSOR_DEFINITIONS = (
					"DEBUG=1",
					"$(inherited)",
				);
				INFOPLIST_FILE = "SortyTests/SortyTests-Info.plist";
				PRODUCT_NAME = "$(TARGET_NAME)";
				TEST_HOST = "$(BUNDLE_LOADER)";
				WRAPPER_EXTENSION = xctest;
			};
			name = Debug;
		};
		9E7E4EAF186D27A60050AFD1 /* Release */ = {
			isa = XCBuildConfiguration;
			buildSettings = {
				ARCHS = "$(ARCHS_STANDARD_INCLUDING_64_BIT)";
				BUNDLE_LOADER = "$(BUILT_PRODUCTS_DIR)/Sorty.app/Sorty";
				FRAMEWORK_SEARCH_PATHS = (
					"$(SDKROOT)/Developer/Library/Frameworks",
					"$(inherited)",
					"$(DEVELOPER_FRAMEWORKS_DIR)",
				);
				GCC_PRECOMPILE_PREFIX_HEADER = YES;
				GCC_PREFIX_HEADER = "Sorty/Sorty-Prefix.pch";
				INFOPLIST_FILE = "SortyTests/SortyTests-Info.plist";
				PRODUCT_NAME = "$(TARGET_NAME)";
				TEST_HOST = "$(BUNDLE_LOADER)";
				WRAPPER_EXTENSION = xctest;
			};
			name = Release;
		};
/* End XCBuildConfiguration section */

/* Begin XCConfigurationList section */
		9E7E4E6D186D27A60050AFD1 /* Build configuration list for PBXProject "Sorty" */ = {
			isa = XCConfigurationList;
			buildConfigurations = (
				9E7E4EA8186D27A60050AFD1 /* Debug */,
				9E7E4EA9186D27A60050AFD1 /* Release */,
			);
			defaultConfigurationIsVisible = 0;
			defaultConfigurationName = Release;
		};
		9E7E4EAA186D27A60050AFD1 /* Build configuration list for PBXNativeTarget "Sorty" */ = {
			isa = XCConfigurationList;
			buildConfigurations = (
				9E7E4EAB186D27A60050AFD1 /* Debug */,
				9E7E4EAC186D27A60050AFD1 /* Release */,
			);
			defaultConfigurationIsVisible = 0;
		};
		9E7E4EAD186D27A60050AFD1 /* Build configuration list for PBXNativeTarget "SortyTests" */ = {
			isa = XCConfigurationList;
			buildConfigurations = (
				9E7E4EAE186D27A60050AFD1 /* Debug */,
				9E7E4EAF186D27A60050AFD1 /* Release */,
			);
			defaultConfigurationIsVisible = 0;
		};
/* End XCConfigurationList section */
	};
	rootObject = 9E7E4E6A186D27A50050AFD1 /* Project object */;
}
